
Microsoft Visual Studio Solution File, Format Version 12.00
# Visual Studio 2013
VisualStudioVersion = 12.0.31101.0
MinimumVisualStudioVersion = 10.0.40219.1
Project("{FAE04EC0-301F-11D3-BF4B-00C04F79EFBC}") = "Innovation.Cards", "Innovation.Cards\Innovation.Cards.csproj", "{596DC48F-02C4-4FBE-8AC0-7113EDF99C9D}"
EndProject
Project("{2150E333-8FDC-42A3-9474-1A3956D46DE8}") = "Tests", "Tests", "{40AF1D88-19BB-4735-8986-193114F2E359}"
EndProject
Project("{FAE04EC0-301F-11D3-BF4B-00C04F79EFBC}") = "Innovation.Models", "Innovation.Models\Innovation.Models.csproj", "{36480362-A948-4C1C-AAA8-3D21EAA25D9B}"
EndProject
Project("{FAE04EC0-301F-11D3-BF4B-00C04F79EFBC}") = "Innovation.Models.Tests", "Innovation.Models.Tests\Innovation.Models.Tests.csproj", "{BA267616-26D3-47B2-883A-BE361B76A42D}"
EndProject
Project("{FAE04EC0-301F-11D3-BF4B-00C04F79EFBC}") = "Innovation.Actions", "Innovation.Actions\Innovation.Actions.csproj", "{155B79CC-0637-4735-AD8E-392C62E31F9A}"
EndProject
Project("{FAE04EC0-301F-11D3-BF4B-00C04F79EFBC}") = "Innovation.Actions.Tests", "Innovation.Actions.Tests\Innovation.Actions.Tests.csproj", "{658B69C0-2E77-4559-B7CB-3FC38F54B3BD}"
EndProject
Project("{FAE04EC0-301F-11D3-BF4B-00C04F79EFBC}") = "Innovation.Tests.Helpers", "Innovation.Tests.Helpers\Innovation.Tests.Helpers.csproj", "{A878E64F-8D34-46CE-ADB2-6020CF3CEA3C}"
EndProject
Project("{FAE04EC0-301F-11D3-BF4B-00C04F79EFBC}") = "Innovation.Cards.Tests", "Innovation.Cards.Tests\Innovation.Cards.Tests.csproj", "{A0DD0D88-BF0E-499A-BAF9-085E64CB4A54}"
EndProject
Project("{FAE04EC0-301F-11D3-BF4B-00C04F79EFBC}") = "Innovation.Web", "Innovation.Web\Innovation.Web.csproj", "{282E9D2B-338D-480C-B273-554DCEB379B5}"
EndProject
Project("{FAE04EC0-301F-11D3-BF4B-00C04F79EFBC}") = "Innovation.Web.Tests", "Innovation.Web.Tests\Innovation.Web.Tests.csproj", "{E23140F1-301E-42B5-8877-9E73315B8BAA}"
EndProject
Global
	GlobalSection(SolutionConfigurationPlatforms) = preSolution
		Debug|Any CPU = Debug|Any CPU
		Release|Any CPU = Release|Any CPU
	EndGlobalSection
	GlobalSection(ProjectConfigurationPlatforms) = postSolution
		{596DC48F-02C4-4FBE-8AC0-7113EDF99C9D}.Debug|Any CPU.ActiveCfg = Debug|Any CPU
		{596DC48F-02C4-4FBE-8AC0-7113EDF99C9D}.Debug|Any CPU.Build.0 = Debug|Any CPU
		{596DC48F-02C4-4FBE-8AC0-7113EDF99C9D}.Release|Any CPU.ActiveCfg = Release|Any CPU
		{596DC48F-02C4-4FBE-8AC0-7113EDF99C9D}.Release|Any CPU.Build.0 = Release|Any CPU
		{36480362-A948-4C1C-AAA8-3D21EAA25D9B}.Debug|Any CPU.ActiveCfg = Debug|Any CPU
		{36480362-A948-4C1C-AAA8-3D21EAA25D9B}.Debug|Any CPU.Build.0 = Debug|Any CPU
		{36480362-A948-4C1C-AAA8-3D21EAA25D9B}.Release|Any CPU.ActiveCfg = Release|Any CPU
		{36480362-A948-4C1C-AAA8-3D21EAA25D9B}.Release|Any CPU.Build.0 = Release|Any CPU
		{BA267616-26D3-47B2-883A-BE361B76A42D}.Debug|Any CPU.ActiveCfg = Debug|Any CPU
		{BA267616-26D3-47B2-883A-BE361B76A42D}.Debug|Any CPU.Build.0 = Debug|Any CPU
		{BA267616-26D3-47B2-883A-BE361B76A42D}.Release|Any CPU.ActiveCfg = Release|Any CPU
		{BA267616-26D3-47B2-883A-BE361B76A42D}.Release|Any CPU.Build.0 = Release|Any CPU
		{155B79CC-0637-4735-AD8E-392C62E31F9A}.Debug|Any CPU.ActiveCfg = Debug|Any CPU
		{155B79CC-0637-4735-AD8E-392C62E31F9A}.Debug|Any CPU.Build.0 = Debug|Any CPU
		{155B79CC-0637-4735-AD8E-392C62E31F9A}.Release|Any CPU.ActiveCfg = Release|Any CPU
		{155B79CC-0637-4735-AD8E-392C62E31F9A}.Release|Any CPU.Build.0 = Release|Any CPU
		{658B69C0-2E77-4559-B7CB-3FC38F54B3BD}.Debug|Any CPU.ActiveCfg = Debug|Any CPU
		{658B69C0-2E77-4559-B7CB-3FC38F54B3BD}.Debug|Any CPU.Build.0 = Debug|Any CPU
		{658B69C0-2E77-4559-B7CB-3FC38F54B3BD}.Release|Any CPU.ActiveCfg = Release|Any CPU
		{658B69C0-2E77-4559-B7CB-3FC38F54B3BD}.Release|Any CPU.Build.0 = Release|Any CPU
		{A878E64F-8D34-46CE-ADB2-6020CF3CEA3C}.Debug|Any CPU.ActiveCfg = Debug|Any CPU
		{A878E64F-8D34-46CE-ADB2-6020CF3CEA3C}.Debug|Any CPU.Build.0 = Debug|Any CPU
		{A878E64F-8D34-46CE-ADB2-6020CF3CEA3C}.Release|Any CPU.ActiveCfg = Release|Any CPU
		{A878E64F-8D34-46CE-ADB2-6020CF3CEA3C}.Release|Any CPU.Build.0 = Release|Any CPU
		{A0DD0D88-BF0E-499A-BAF9-085E64CB4A54}.Debug|Any CPU.ActiveCfg = Debug|Any CPU
		{A0DD0D88-BF0E-499A-BAF9-085E64CB4A54}.Debug|Any CPU.Build.0 = Debug|Any CPU
		{A0DD0D88-BF0E-499A-BAF9-085E64CB4A54}.Release|Any CPU.ActiveCfg = Release|Any CPU
		{A0DD0D88-BF0E-499A-BAF9-085E64CB4A54}.Release|Any CPU.Build.0 = Release|Any CPU
		{282E9D2B-338D-480C-B273-554DCEB379B5}.Debug|Any CPU.ActiveCfg = Debug|Any CPU
		{282E9D2B-338D-480C-B273-554DCEB379B5}.Debug|Any CPU.Build.0 = Debug|Any CPU
		{282E9D2B-338D-480C-B273-554DCEB379B5}.Release|Any CPU.ActiveCfg = Release|Any CPU
		{282E9D2B-338D-480C-B273-554DCEB379B5}.Release|Any CPU.Build.0 = Release|Any CPU
		{E23140F1-301E-42B5-8877-9E73315B8BAA}.Debug|Any CPU.ActiveCfg = Debug|Any CPU
		{E23140F1-301E-42B5-8877-9E73315B8BAA}.Debug|Any CPU.Build.0 = Debug|Any CPU
		{E23140F1-301E-42B5-8877-9E73315B8BAA}.Release|Any CPU.ActiveCfg = Release|Any CPU
		{E23140F1-301E-42B5-8877-9E73315B8BAA}.Release|Any CPU.Build.0 = Release|Any CPU
	EndGlobalSection
	GlobalSection(SolutionProperties) = preSolution
		HideSolutionNode = FALSE
	EndGlobalSection
	GlobalSection(NestedProjects) = preSolution
		{BA267616-26D3-47B2-883A-BE361B76A42D} = {40AF1D88-19BB-4735-8986-193114F2E359}
		{658B69C0-2E77-4559-B7CB-3FC38F54B3BD} = {40AF1D88-19BB-4735-8986-193114F2E359}
		{A878E64F-8D34-46CE-ADB2-6020CF3CEA3C} = {40AF1D88-19BB-4735-8986-193114F2E359}
		{A0DD0D88-BF0E-499A-BAF9-085E64CB4A54} = {40AF1D88-19BB-4735-8986-193114F2E359}
		{E23140F1-301E-42B5-8877-9E73315B8BAA} = {40AF1D88-19BB-4735-8986-193114F2E359}
	EndGlobalSection
EndGlobal
